
Microsoft Visual Studio Solution File, Format Version 12.00
# Visual Studio Version 17
VisualStudioVersion = 17.7.34031.279
MinimumVisualStudioVersion = 10.0.40219.1
Project("{FAE04EC0-301F-11D3-BF4B-00C04F79EFBC}") = "Ej7.array", "Ej7.array.csproj", "{CEB4EABA-6EBB-459E-8CD7-BEFF572FCFEC}"
EndProject
Global
	GlobalSection(SolutionConfigurationPlatforms) = preSolution
		Debug|Any CPU = Debug|Any CPU
		Release|Any CPU = Release|Any CPU
	EndGlobalSection
	GlobalSection(ProjectConfigurationPlatforms) = postSolution
		{CEB4EABA-6EBB-459E-8CD7-BEFF572FCFEC}.Debug|Any CPU.ActiveCfg = Debug|Any CPU
		{CEB4EABA-6EBB-459E-8CD7-BEFF572FCFEC}.Debug|Any CPU.Build.0 = Debug|Any CPU
		{CEB4EABA-6EBB-459E-8CD7-BEFF572FCFEC}.Release|Any CPU.ActiveCfg = Release|Any CPU
		{CEB4EABA-6EBB-459E-8CD7-BEFF572FCFEC}.Release|Any CPU.Build.0 = Release|Any CPU
	EndGlobalSection
	GlobalSection(SolutionProperties) = preSolution
		HideSolutionNode = FALSE
	EndGlobalSection
	GlobalSection(ExtensibilityGlobals) = postSolution
		SolutionGuid = {772150A1-904F-4DA6-B4E7-52C2EF7F1739}
	EndGlobalSection
EndGlobal
